// !$*UTF8*$!
{
	archiveVersion = 1;
	classes = {
	};
	objectVersion = 46;
	objects = {

/* Begin PBXBuildFile section */
		FE864E4720DCF712004B928B /* main.m in Sources */ = {isa = PBXBuildFile; fileRef = FE864E4620DCF712004B928B /* main.m */; };
		FE864E4A20DCF712004B928B /* AppDelegate.m in Sources */ = {isa = PBXBuildFile; fileRef = FE864E4920DCF712004B928B /* AppDelegate.m */; };
		FE864E4D20DCF712004B928B /* ViewController.m in Sources */ = {isa = PBXBuildFile; fileRef = FE864E4C20DCF712004B928B /* ViewController.m */; };
		FE864E5020DCF712004B928B /* Main.storyboard in Resources */ = {isa = PBXBuildFile; fileRef = FE864E4E20DCF712004B928B /* Main.storyboard */; };
		FE864E5220DCF712004B928B /* Assets.xcassets in Resources */ = {isa = PBXBuildFile; fileRef = FE864E5120DCF712004B928B /* Assets.xcassets */; };
		FE864E5520DCF712004B928B /* LaunchScreen.storyboard in Resources */ = {isa = PBXBuildFile; fileRef = FE864E5320DCF712004B928B /* LaunchScreen.storyboard */; };
/* End PBXBuildFile section */

/* Begin PBXFileReference section */
		FE864E4220DCF712004B928B /* GitExample.app */ = {isa = PBXFileReference; explicitFileType = wrapper.application; includeInIndex = 0; path = GitExample.app; sourceTree = BUILT_PRODUCTS_DIR; };
		FE864E4620DCF712004B928B /* main.m */ = {isa = PBXFileReference; lastKnownFileType = sourcecode.c.objc; path = main.m; sourceTree = "<group>"; };
		FE864E4820DCF712004B928B /* AppDelegate.h */ = {isa = PBXFileReference; lastKnownFileType = sourcecode.c.h; path = AppDelegate.h; sourceTree = "<group>"; };
		FE864E4920DCF712004B928B /* AppDelegate.m */ = {isa = PBXFileReference; lastKnownFileType = sourcecode.c.objc; path = AppDelegate.m; sourceTree = "<group>"; };
		FE864E4B20DCF712004B928B /* ViewController.h */ = {isa = PBXFileReference; lastKnownFileType = sourcecode.c.h; path = ViewController.h; sourceTree = "<group>"; };
		FE864E4C20DCF712004B928B /* ViewController.m */ = {isa = PBXFileReference; lastKnownFileType = sourcecode.c.objc; path = ViewController.m; sourceTree = "<group>"; };
		FE864E4F20DCF712004B928B /* Base */ = {isa = PBXFileReference; lastKnownFileType = file.storyboard; name = Base; path = Base.lproj/Main.storyboard; sourceTree = "<group>"; };
		FE864E5120DCF712004B928B /* Assets.xcassets */ = {isa = PBXFileReference; lastKnownFileType = folder.assetcatalog; path = Assets.xcassets; sourceTree = "<group>"; };
		FE864E5420DCF712004B928B /* Base */ = {isa = PBXFileReference; lastKnownFileType = file.storyboard; name = Base; path = Base.lproj/LaunchScreen.storyboard; sourceTree = "<group>"; };
		FE864E5620DCF712004B928B /* Info.plist */ = {isa = PBXFileReference; lastKnownFileType = text.plist.xml; path = Info.plist; sourceTree = "<group>"; };
/* End PBXFileReference section */

/* Begin PBXFrameworksBuildPhase section */
		FE864E3F20DCF712004B928B /* Frameworks */ = {
			isa = PBXFrameworksBuildPhase;
			buildActionMask = 2147483647;
			files = (
			);
			runOnlyForDeploymentPostprocessing = 0;
		};
/* End PBXFrameworksBuildPhase section */

/* Begin PBXGroup section */
		FE864E3920DCF712004B928B = {
			isa = PBXGroup;
			children = (
				FE864E4420DCF712004B928B /* GitExample */,
				FE864E4320DCF712004B928B /* Products */,
			);
			sourceTree = "<group>";
		};
		FE864E4320DCF712004B928B /* Products */ = {
			isa = PBXGroup;
			children = (
				FE864E4220DCF712004B928B /* GitExample.app */,
			);
			name = Products;
			sourceTree = "<group>";
		};
		FE864E4420DCF712004B928B /* GitExample */ = {
			isa = PBXGroup;
			children = (
				FE864E4820DCF712004B928B /* AppDelegate.h */,
				FE864E4920DCF712004B928B /* AppDelegate.m */,
				FE864E4B20DCF712004B928B /* ViewController.h */,
				FE864E4C20DCF712004B928B /* ViewController.m */,
				FE864E4E20DCF712004B928B /* Main.storyboard */,
				FE864E5120DCF712004B928B /* Assets.xcassets */,
				FE864E5320DCF712004B928B /* LaunchScreen.storyboard */,
				FE864E5620DCF712004B928B /* Info.plist */,
				FE864E4520DCF712004B928B /* Supporting Files */,
			);
			path = GitExample;
			sourceTree = "<group>";
		};
		FE864E4520DCF712004B928B /* Supporting Files */ = {
			isa = PBXGroup;
			children = (
				FE864E4620DCF712004B928B /* main.m */,
			);
			name = "Supporting Files";
			sourceTree = "<group>";
		};
/* End PBXGroup section */

/* Begin PBXNativeTarget section */
		FE864E4120DCF712004B928B /* GitExample */ = {
			isa = PBXNativeTarget;
			buildConfigurationList = FE864E5920DCF712004B928B /* Build configuration list for PBXNativeTarget "GitExample" */;
			buildPhases = (
				FE864E3E20DCF712004B928B /* Sources */,
				FE864E3F20DCF712004B928B /* Frameworks */,
				FE864E4020DCF712004B928B /* Resources */,
			);
			buildRules = (
			);
			dependencies = (
			);
			name = GitExample;
			productName = GitExample;
			productReference = FE864E4220DCF712004B928B /* GitExample.app */;
			productType = "com.apple.product-type.application";
		};
/* End PBXNativeTarget section */

/* Begin PBXProject section */
		FE864E3A20DCF712004B928B /* Project object */ = {
			isa = PBXProject;
			attributes = {
				LastUpgradeCheck = 0820;
				ORGANIZATIONNAME = BlobApps;
				TargetAttributes = {
					FE864E4120DCF712004B928B = {
						CreatedOnToolsVersion = 8.2.1;
						DevelopmentTeam = KMZ25PUL78;
						ProvisioningStyle = Automatic;
					};
				};
			};
			buildConfigurationList = FE864E3D20DCF712004B928B /* Build configuration list for PBXProject "GitExample" */;
			compatibilityVersion = "Xcode 3.2";
			developmentRegion = English;
			hasScannedForEncodings = 0;
			knownRegions = (
				en,
				Base,
			);
			mainGroup = FE864E3920DCF712004B928B;
			productRefGroup = FE864E4320DCF712004B928B /* Products */;
			projectDirPath = "";
			projectRoot = "";
			targets = (
				FE864E4120DCF712004B928B /* GitExample */,
			);
		};
/* End PBXProject section */

/* Begin PBXResourcesBuildPhase section */
		FE864E4020DCF712004B928B /* Resources */ = {
			isa = PBXResourcesBuildPhase;
			buildActionMask = 2147483647;
			files = (
				FE864E5520DCF712004B928B /* LaunchScreen.storyboard in Resources */,
				FE864E5220DCF712004B928B /* Assets.xcassets in Resources */,
				FE864E5020DCF712004B928B /* Main.storyboard in Resources */,
			);
			runOnlyForDeploymentPostprocessing = 0;
		};
/* End PBXResourcesBuildPhase section */

/* Begin PBXSourcesBuildPhase section */
		FE864E3E20DCF712004B928B /* Sources */ = {
			isa = PBXSourcesBuildPhase;
			buildActionMask = 2147483647;
			files = (
				FE864E4D20DCF712004B928B /* ViewController.m in Sources */,
				FE864E4A20DCF712004B928B /* AppDelegate.m in Sources */,
				FE864E4720DCF712004B928B /* main.m in Sources */,
			);
			runOnlyForDeploymentPostprocessing = 0;
		};
/* End PBXSourcesBuildPhase section */

/* Begin PBXVariantGroup section */
		FE864E4E20DCF712004B928B /* Main.storyboard */ = {
			isa = PBXVariantGroup;
			children = (
				FE864E4F20DCF712004B928B /* Base */,
			);
			name = Main.storyboard;
			sourceTree = "<group>";
		};
		FE864E5320DCF712004B928B /* LaunchScreen.storyboard */ = {
			isa = PBXVariantGroup;
			children = (
				FE864E5420DCF712004B928B /* Base */,
			);
			name = LaunchScreen.storyboard;
			sourceTree = "<group>";
		};
/* End PBXVariantGroup section */

/* Begin XCBuildConfiguration section */
		FE864E5720DCF712004B928B /* Debug */ = {
			isa = XCBuildConfiguration;
			buildSettings = {
				ALWAYS_SEARCH_USER_PATHS = NO;
				CLANG_ANALYZER_NONNULL = YES;
				CLANG_CXX_LANGUAGE_STANDARD = "gnu++0x";
				CLANG_CXX_LIBRARY = "libc++";
				CLANG_ENABLE_MODULES = YES;
				CLANG_ENABLE_OBJC_ARC = YES;
				CLANG_WARN_BOOL_CONVERSION = YES;
				CLANG_WARN_CONSTANT_CONVERSION = YES;
				CLANG_WARN_DIRECT_OBJC_ISA_USAGE = YES_ERROR;
				CLANG_WARN_DOCUMENTATION_COMMENTS = YES;
				CLANG_WARN_EMPTY_BODY = YES;
				CLANG_WARN_ENUM_CONVERSION = YES;
				CLANG_WARN_INFINITE_RECURSION = YES;
				CLANG_WARN_INT_CONVERSION = YES;
				CLANG_WARN_OBJC_ROOT_CLASS = YES_ERROR;
				CLANG_WARN_SUSPICIOUS_MOVE = YES;
				CLANG_WARN_UNREACHABLE_CODE = YES;
				CLANG_WARN__DUPLICATE_METHOD_MATCH = YES;
				"CODE_SIGN_IDENTITY[sdk=iphoneos*]" = "iPhone Developer";
				COPY_PHASE_STRIP = NO;
				DEBUG_INFORMATION_FORMAT = dwarf;
				ENABLE_STRICT_OBJC_MSGSEND = YES;
				ENABLE_TESTABILITY = YES;
				GCC_C_LANGUAGE_STANDARD = gnu99;
				GCC_DYNAMIC_NO_PIC = NO;
				GCC_NO_COMMON_BLOCKS = YES;
				GCC_OPTIMIZATION_LEVEL = 0;
				GCC_PREPROCESSOR_DEFINITIONS = (
					"DEBUG=1",
					"$(inherited)",
				);
				GCC_WARN_64_TO_32_BIT_CONVERSION = YES;
				GCC_WARN_ABOUT_RETURN_TYPE = YES_ERROR;
				GCC_WARN_UNDECLARED_SELECTOR = YES;
				GCC_WARN_UNINITIALIZED_AUTOS = YES_AGGRESSIVE;
				GCC_WARN_UNUSED_FUNCTION = YES;
				GCC_WARN_UNUSED_VARIABLE = YES;
				IPHONEOS_DEPLOYMENT_TARGET = 10.2;
				MTL_ENABLE_DEBUG_INFO = YES;
				ONLY_ACTIVE_ARCH = YES;
				SDKROOT = iphoneos;
				TARGETED_DEVICE_FAMILY = "1,2";
			};
			name = Debug;
		};
		FE864E5820DCF712004B928B /* Release */ = {
			isa = XCBuildConfiguration;
			buildSettings = {
				ALWAYS_SEARCH_USER_PATHS = NO;
				CLANG_ANALYZER_NONNULL = YES;
				CLANG_CXX_LANGUAGE_STANDARD = "gnu++0x";
				CLANG_CXX_LIBRARY = "libc++";
				CLANG_ENABLE_MODULES = YES;
				CLANG_ENABLE_OBJC_ARC = YES;
				CLANG_WARN_BOOL_CONVERSION = YES;
				CLANG_WARN_CONSTANT_CONVERSION = YES;
				CLANG_WARN_DIRECT_OBJC_ISA_USAGE = YES_ERROR;
				CLANG_WARN_DOCUMENTATION_COMMENTS = YES;
				CLANG_WARN_EMPTY_BODY = YES;
				CLANG_WARN_ENUM_CONVERSION = YES;
				CLANG_WARN_INFINITE_RECURSION = YES;
				CLANG_WARN_INT_CONVERSION = YES;
				CLANG_WARN_OBJC_ROOT_CLASS = YES_ERROR;
				CLANG_WARN_SUSPICIOUS_MOVE = YES;
				CLANG_WARN_UNREACHABLE_CODE = YES;
				CLANG_WARN__DUPLICATE_METHOD_MATCH = YES;
				"CODE_SIGN_IDENTITY[sdk=iphoneos*]" = "iPhone Developer";
				COPY_PHASE_STRIP = NO;
				DEBUG_INFORMATION_FORMAT = "dwarf-with-dsym";
				ENABLE_NS_ASSERTIONS = NO;
				ENABLE_STRICT_OBJC_MSGSEND = YES;
				GCC_C_LANGUAGE_STANDARD = gnu99;
				GCC_NO_COMMON_BLOCKS = YES;
				GCC_WARN_64_TO_32_BIT_CONVERSION = YES;
				GCC_WARN_ABOUT_RETURN_TYPE = YES_ERROR;
				GCC_WARN_UNDECLARED_SELECTOR = YES;
				GCC_WARN_UNINITIALIZED_AUTOS = YES_AGGRESSIVE;
				GCC_WARN_UNUSED_FUNCTION = YES;
				GCC_WARN_UNUSED_VARIABLE = YES;
				IPHONEOS_DEPLOYMENT_TARGET = 10.2;
				MTL_ENABLE_DEBUG_INFO = NO;
				SDKROOT = iphoneos;
				TARGETED_DEVICE_FAMILY = "1,2";
				VALIDATE_PRODUCT = YES;
			};
			name = Release;
		};
		FE864E5A20DCF712004B928B /* Debug */ = {
			isa = XCBuildConfiguration;
			buildSettings = {
				ASSETCATALOG_COMPILER_APPICON_NAME = AppIcon;
				DEVELOPMENT_TEAM = KMZ25PUL78;
				INFOPLIST_FILE = GitExample/Info.plist;
				LD_RUNPATH_SEARCH_PATHS = "$(inherited) @executable_path/Frameworks";
				PRODUCT_BUNDLE_IDENTIFIER = com.blobapps.ios.GitExample;
				PRODUCT_NAME = "$(TARGET_NAME)";
			};
			name = Debug;
		};
		FE864E5B20DCF712004B928B /* Release */ = {
			isa = XCBuildConfiguration;
			buildSettings = {
				ASSETCATALOG_COMPILER_APPICON_NAME = AppIcon;
				DEVELOPMENT_TEAM = KMZ25PUL78;
				INFOPLIST_FILE = GitExample/Info.plist;
				LD_RUNPATH_SEARCH_PATHS = "$(inherited) @executable_path/Frameworks";
				PRODUCT_BUNDLE_IDENTIFIER = com.blobapps.ios.GitExample;
				PRODUCT_NAME = "$(TARGET_NAME)";
			};
			name = Release;
		};
/* End XCBuildConfiguration section */

/* Begin XCConfigurationList section */
		FE864E3D20DCF712004B928B /* Build configuration list for PBXProject "GitExample" */ = {
			isa = XCConfigurationList;
			buildConfigurations = (
				FE864E5720DCF712004B928B /* Debug */,
				FE864E5820DCF712004B928B /* Release */,
			);
			defaultConfigurationIsVisible = 0;
			defaultConfigurationName = Release;
		};
		FE864E5920DCF712004B928B /* Build configuration list for PBXNativeTarget "GitExample" */ = {
			isa = XCConfigurationList;
			buildConfigurations = (
				FE864E5A20DCF712004B928B /* Debug */,
				FE864E5B20DCF712004B928B /* Release */,
			);
			defaultConfigurationIsVisible = 0;
		};
/* End XCConfigurationList section */
	};
	rootObject = FE864E3A20DCF712004B928B /* Project object */;
}
